
Microsoft Visual Studio Solution File, Format Version 12.00
# Visual Studio Version 17
VisualStudioVersion = 17.12.35527.113
MinimumVisualStudioVersion = 10.0.40219.1
Project("{9A19103F-16F7-4668-BE54-9A1E7A4F7556}") = "ApiGateway", "ApiGateway\ApiGateway.csproj", "{29B97AC4-0AEF-4EF0-9DE2-03C5765036EB}"
EndProject
Project("{2150E333-8FDC-42A3-9474-1A3956D46DE8}") = "User Service", "User Service", "{19519460-1A27-4843-88E7-D8465FC5625F}"
EndProject
Project("{2150E333-8FDC-42A3-9474-1A3956D46DE8}") = "Gateway", "Gateway", "{267FC568-44F6-4E94-B573-229562B514A1}"
EndProject
Project("{2150E333-8FDC-42A3-9474-1A3956D46DE8}") = "Test", "Test", "{D8DEE4FF-80F5-441B-8EF1-96A70FDF2E65}"
EndProject
Project("{2150E333-8FDC-42A3-9474-1A3956D46DE8}") = "Document Service", "Document Service", "{2FE7343B-5954-441A-A9D6-03EBD27F5364}"
EndProject
Project("{9A19103F-16F7-4668-BE54-9A1E7A4F7556}") = "User.Api.Test", "User\User.Api.Test\User.Api.Test.csproj", "{E7C7068A-BAB7-4DA3-855E-7DFC9E25F2F0}"
EndProject
Project("{9A19103F-16F7-4668-BE54-9A1E7A4F7556}") = "User.API", "User\User.API\User.API.csproj", "{F6C2998A-38D4-482E-9FC0-94756B0E7E15}"
EndProject
Project("{9A19103F-16F7-4668-BE54-9A1E7A4F7556}") = "User.Api.Common", "User\User.Api.Common\User.Api.Common.csproj", "{7A1AD8EB-8614-495E-A4AC-C7AA098A5AA3}"
EndProject
Project("{9A19103F-16F7-4668-BE54-9A1E7A4F7556}") = "User.Api.Domain", "User\User.Api.Domain\User.Api.Domain.csproj", "{751981B8-DD10-44C8-A480-000335205E48}"
EndProject
Project("{9A19103F-16F7-4668-BE54-9A1E7A4F7556}") = "User.Api.Features", "User\User.Api.Entities\User.Api.Features.csproj", "{993D2BF1-1A90-408F-AE13-11861F35E3AC}"
EndProject
Project("{9A19103F-16F7-4668-BE54-9A1E7A4F7556}") = "User.Api.Infrastructure", "User\User.Api.Infrastructure\User.Api.Infrastructure.csproj", "{EADAE8FC-1654-40CB-84B8-D633D36E79EC}"
EndProject
Project("{9A19103F-16F7-4668-BE54-9A1E7A4F7556}") = "Document.API", "Document\Document.API\Document.API.csproj", "{FD463319-4E66-412F-A9DF-159755415D4B}"
	ProjectSection(ProjectDependencies) = postProject
		{64D4B78C-B57E-4ECF-8549-037C8090E3F0} = {64D4B78C-B57E-4ECF-8549-037C8090E3F0}
	EndProjectSection
EndProject
Project("{9A19103F-16F7-4668-BE54-9A1E7A4F7556}") = "Document.Api.Common", "Document\Document.Api.Common\Document.Api.Common.csproj", "{11D06F46-2842-4836-AB4F-3A811D9503FC}"
EndProject
Project("{9A19103F-16F7-4668-BE54-9A1E7A4F7556}") = "Document.Api.Infrastructure", "Document\Document.Api.Infrastructure\Document.Api.Infrastructure.csproj", "{C553A0A1-9D0A-4FF3-8D7B-4C1377B7FD71}"
	ProjectSection(ProjectDependencies) = postProject
		{50315D84-725C-4CE8-BEAD-AAA0ED3EEE05} = {50315D84-725C-4CE8-BEAD-AAA0ED3EEE05}
	EndProjectSection
EndProject
Project("{9A19103F-16F7-4668-BE54-9A1E7A4F7556}") = "Document.Api.Domain", "Document\Document.Api.Domain\Document.Api.Domain.csproj", "{50315D84-725C-4CE8-BEAD-AAA0ED3EEE05}"
EndProject
Project("{9A19103F-16F7-4668-BE54-9A1E7A4F7556}") = "Document.Api.Features", "Document\Document.Api.Entities\Document.Api.Features.csproj", "{64D4B78C-B57E-4ECF-8549-037C8090E3F0}"
EndProject
Project("{2150E333-8FDC-42A3-9474-1A3956D46DE8}") = "Test", "Test", "{961E001B-04FC-43C5-9A26-847C5E969610}"
EndProject
Project("{9A19103F-16F7-4668-BE54-9A1E7A4F7556}") = "Document.Api.Test", "Document\Document.Api.Test\Document.Api.Test.csproj", "{2CF2F9C6-CF6D-4D1B-ADF8-033B73ED5157}"
EndProject
Project("{2150E333-8FDC-42A3-9474-1A3956D46DE8}") = "Access Control Service", "Access Control Service", "{CFDF1F9A-5BCF-4118-ACB9-210C98C4E8C8}"
EndProject
Project("{9A19103F-16F7-4668-BE54-9A1E7A4F7556}") = "AccessControl.Api", "Access_Control\AccessControl.Api\AccessControl.Api.csproj", "{74186120-016D-4B1D-850E-F7386560D30F}"
EndProject
Project("{9A19103F-16F7-4668-BE54-9A1E7A4F7556}") = "AccessControl.Api.Common", "Access_Control\AccessControl.Api.Common\AccessControl.Api.Common.csproj", "{B7BAD91D-8B3D-4CFD-8E12-27DCFD20B22A}"
EndProject
Project("{9A19103F-16F7-4668-BE54-9A1E7A4F7556}") = "AccessControl.Api.Domain", "Access_Control\AccessControl.Api.Domain\AccessControl.Api.Domain.csproj", "{8AA84F20-DB0A-433A-B8C8-E4169AA12EAF}"
EndProject
Project("{9A19103F-16F7-4668-BE54-9A1E7A4F7556}") = "AccessControl.Api.Features", "Access_Control\AccessControl.Api.Features\AccessControl.Api.Features.csproj", "{C1CEB096-109B-42F7-8A88-01CC36E45687}"
EndProject
Project("{9A19103F-16F7-4668-BE54-9A1E7A4F7556}") = "AccessControl.Api.Infrastructure", "Access_Control\AccessControl.Api.Infrastructure\AccessControl.Api.Infrastructure.csproj", "{ACC2E634-EF8B-45A6-8CC9-CE291CD2F4D2}"
EndProject
Project("{9A19103F-16F7-4668-BE54-9A1E7A4F7556}") = "AccessControl.Api.Test", "Access_Control\AccessControl.Api.Test\AccessControl.Api.Test.csproj", "{CB7DC25F-2D42-47EB-A182-363CADCEF551}"
EndProject
Project("{2150E333-8FDC-42A3-9474-1A3956D46DE8}") = "Tests", "Tests", "{D019C818-86DD-4A2A-A2D4-EE907DBB66A2}"
EndProject
Project("{2150E333-8FDC-42A3-9474-1A3956D46DE8}") = "Auditing Service", "Auditing Service", "{2EA9607F-4BD0-4AB7-B67E-256EEF33C140}"
EndProject
Project("{2150E333-8FDC-42A3-9474-1A3956D46DE8}") = "Tests", "Tests", "{7747B997-C64C-48CE-8CA9-645AD706D63C}"
EndProject
Project("{9A19103F-16F7-4668-BE54-9A1E7A4F7556}") = "Auditing.Api.Test", "Auditing\Auditing.Api.Test\Auditing.Api.Test.csproj", "{05D49AF8-BDBD-484F-898E-290B8D7CCA87}"
EndProject
Project("{9A19103F-16F7-4668-BE54-9A1E7A4F7556}") = "Auditing.API", "Auditing\Auditing.Api\Auditing.API.csproj", "{192C83B7-C204-4F1D-8403-8C8A5D168675}"
EndProject
Project("{9A19103F-16F7-4668-BE54-9A1E7A4F7556}") = "Auditing.Api.Common", "Auditing\Auditing.Api.Common\Auditing.Api.Common.csproj", "{3F2B438C-764D-44A4-B272-DE006DE6D50D}"
EndProject
Project("{9A19103F-16F7-4668-BE54-9A1E7A4F7556}") = "Auditing.Api.Domain", "Auditing\Auditing.Api.Domain\Auditing.Api.Domain.csproj", "{AE71C358-F308-4075-B5A5-E5578FB96A27}"
EndProject
Project("{9A19103F-16F7-4668-BE54-9A1E7A4F7556}") = "Auditing.Api.Features", "Auditing\Auditing.Api.Entities\Auditing.Api.Features.csproj", "{520D4684-97AB-4221-8A57-4992D06B3E92}"
EndProject
Project("{9A19103F-16F7-4668-BE54-9A1E7A4F7556}") = "Auditing.Api.Infrastructure", "Auditing\Auditing.Api.Infrastructure\Auditing.Api.Infrastructure.csproj", "{F5C43F10-94F4-4F95-9145-D03EB58C2F26}"
EndProject
Project("{E53339B2-1760-4266-BCC7-CA923CBCF16C}") = "docker-compose", "docker-compose.dcproj", "{81DDED9D-158B-E303-5F62-77A2896D2A5A}"
EndProject
Project("{2150E333-8FDC-42A3-9474-1A3956D46DE8}") = "Frontend", "Frontend", "{02EA681E-C7D8-13C7-8484-4AC65E1B71E8}"
EndProject
Project("{FAE04EC0-301F-11D3-BF4B-00C04F79EFBC}") = "DocumentFrontend", "DocumentFrontend\DocumentFrontend.csproj", "{24925453-1E4A-43DC-96CF-6C8D53647DF8}"
EndProject
Project("{2150E333-8FDC-42A3-9474-1A3956D46DE8}") = "Tests", "Tests", "{3DB8EB56-ED60-4EF0-B738-6F7C347BE704}"
EndProject
Project("{FAE04EC0-301F-11D3-BF4B-00C04F79EFBC}") = "FrontendEndToEnd", "FrontendEndToEnd\FrontendEndToEnd.csproj", "{6C551D0F-E4AB-4089-AEFF-0C5B8CB4A260}"
EndProject
Project("{FAE04EC0-301F-11D3-BF4B-00C04F79EFBC}") = "User.Api.IntegrationTests", "..\User.Api.IntegrationTests\User.Api.IntegrationTests.csproj", "{0ED5AAB2-BA04-42AB-9DA7-6F7BD5B64A49}"
EndProject
Global
	GlobalSection(SolutionConfigurationPlatforms) = preSolution
		Debug|Any CPU = Debug|Any CPU
		Release|Any CPU = Release|Any CPU
		Test|Any CPU = Test|Any CPU
	EndGlobalSection
	GlobalSection(ProjectConfigurationPlatforms) = postSolution
		{29B97AC4-0AEF-4EF0-9DE2-03C5765036EB}.Debug|Any CPU.ActiveCfg = Debug|Any CPU
		{29B97AC4-0AEF-4EF0-9DE2-03C5765036EB}.Debug|Any CPU.Build.0 = Debug|Any CPU
		{29B97AC4-0AEF-4EF0-9DE2-03C5765036EB}.Release|Any CPU.ActiveCfg = Release|Any CPU
		{29B97AC4-0AEF-4EF0-9DE2-03C5765036EB}.Release|Any CPU.Build.0 = Release|Any CPU
		{29B97AC4-0AEF-4EF0-9DE2-03C5765036EB}.Test|Any CPU.ActiveCfg = Test|Any CPU
		{29B97AC4-0AEF-4EF0-9DE2-03C5765036EB}.Test|Any CPU.Build.0 = Test|Any CPU
		{E7C7068A-BAB7-4DA3-855E-7DFC9E25F2F0}.Debug|Any CPU.ActiveCfg = Debug|Any CPU
		{E7C7068A-BAB7-4DA3-855E-7DFC9E25F2F0}.Debug|Any CPU.Build.0 = Debug|Any CPU
		{E7C7068A-BAB7-4DA3-855E-7DFC9E25F2F0}.Release|Any CPU.ActiveCfg = Release|Any CPU
		{E7C7068A-BAB7-4DA3-855E-7DFC9E25F2F0}.Release|Any CPU.Build.0 = Release|Any CPU
		{E7C7068A-BAB7-4DA3-855E-7DFC9E25F2F0}.Test|Any CPU.ActiveCfg = Debug|Any CPU
		{E7C7068A-BAB7-4DA3-855E-7DFC9E25F2F0}.Test|Any CPU.Build.0 = Debug|Any CPU
		{F6C2998A-38D4-482E-9FC0-94756B0E7E15}.Debug|Any CPU.ActiveCfg = Debug|Any CPU
		{F6C2998A-38D4-482E-9FC0-94756B0E7E15}.Debug|Any CPU.Build.0 = Debug|Any CPU
		{F6C2998A-38D4-482E-9FC0-94756B0E7E15}.Release|Any CPU.ActiveCfg = Release|Any CPU
		{F6C2998A-38D4-482E-9FC0-94756B0E7E15}.Release|Any CPU.Build.0 = Release|Any CPU
		{F6C2998A-38D4-482E-9FC0-94756B0E7E15}.Test|Any CPU.ActiveCfg = Test|Any CPU
		{F6C2998A-38D4-482E-9FC0-94756B0E7E15}.Test|Any CPU.Build.0 = Test|Any CPU
		{7A1AD8EB-8614-495E-A4AC-C7AA098A5AA3}.Debug|Any CPU.ActiveCfg = Debug|Any CPU
		{7A1AD8EB-8614-495E-A4AC-C7AA098A5AA3}.Debug|Any CPU.Build.0 = Debug|Any CPU
		{7A1AD8EB-8614-495E-A4AC-C7AA098A5AA3}.Release|Any CPU.ActiveCfg = Release|Any CPU
		{7A1AD8EB-8614-495E-A4AC-C7AA098A5AA3}.Release|Any CPU.Build.0 = Release|Any CPU
		{7A1AD8EB-8614-495E-A4AC-C7AA098A5AA3}.Test|Any CPU.ActiveCfg = Test|Any CPU
		{7A1AD8EB-8614-495E-A4AC-C7AA098A5AA3}.Test|Any CPU.Build.0 = Test|Any CPU
		{751981B8-DD10-44C8-A480-000335205E48}.Debug|Any CPU.ActiveCfg = Debug|Any CPU
		{751981B8-DD10-44C8-A480-000335205E48}.Debug|Any CPU.Build.0 = Debug|Any CPU
		{751981B8-DD10-44C8-A480-000335205E48}.Release|Any CPU.ActiveCfg = Release|Any CPU
		{751981B8-DD10-44C8-A480-000335205E48}.Release|Any CPU.Build.0 = Release|Any CPU
		{751981B8-DD10-44C8-A480-000335205E48}.Test|Any CPU.ActiveCfg = Test|Any CPU
		{751981B8-DD10-44C8-A480-000335205E48}.Test|Any CPU.Build.0 = Test|Any CPU
		{993D2BF1-1A90-408F-AE13-11861F35E3AC}.Debug|Any CPU.ActiveCfg = Debug|Any CPU
		{993D2BF1-1A90-408F-AE13-11861F35E3AC}.Debug|Any CPU.Build.0 = Debug|Any CPU
		{993D2BF1-1A90-408F-AE13-11861F35E3AC}.Release|Any CPU.ActiveCfg = Release|Any CPU
		{993D2BF1-1A90-408F-AE13-11861F35E3AC}.Release|Any CPU.Build.0 = Release|Any CPU
		{993D2BF1-1A90-408F-AE13-11861F35E3AC}.Test|Any CPU.ActiveCfg = Test|Any CPU
		{993D2BF1-1A90-408F-AE13-11861F35E3AC}.Test|Any CPU.Build.0 = Test|Any CPU
		{EADAE8FC-1654-40CB-84B8-D633D36E79EC}.Debug|Any CPU.ActiveCfg = Debug|Any CPU
		{EADAE8FC-1654-40CB-84B8-D633D36E79EC}.Debug|Any CPU.Build.0 = Debug|Any CPU
		{EADAE8FC-1654-40CB-84B8-D633D36E79EC}.Release|Any CPU.ActiveCfg = Release|Any CPU
		{EADAE8FC-1654-40CB-84B8-D633D36E79EC}.Release|Any CPU.Build.0 = Release|Any CPU
		{EADAE8FC-1654-40CB-84B8-D633D36E79EC}.Test|Any CPU.ActiveCfg = Test|Any CPU
		{EADAE8FC-1654-40CB-84B8-D633D36E79EC}.Test|Any CPU.Build.0 = Test|Any CPU
		{FD463319-4E66-412F-A9DF-159755415D4B}.Debug|Any CPU.ActiveCfg = Debug|Any CPU
		{FD463319-4E66-412F-A9DF-159755415D4B}.Debug|Any CPU.Build.0 = Debug|Any CPU
		{FD463319-4E66-412F-A9DF-159755415D4B}.Release|Any CPU.ActiveCfg = Release|Any CPU
		{FD463319-4E66-412F-A9DF-159755415D4B}.Release|Any CPU.Build.0 = Release|Any CPU
		{FD463319-4E66-412F-A9DF-159755415D4B}.Test|Any CPU.ActiveCfg = Test|Any CPU
		{FD463319-4E66-412F-A9DF-159755415D4B}.Test|Any CPU.Build.0 = Test|Any CPU
		{11D06F46-2842-4836-AB4F-3A811D9503FC}.Debug|Any CPU.ActiveCfg = Debug|Any CPU
		{11D06F46-2842-4836-AB4F-3A811D9503FC}.Debug|Any CPU.Build.0 = Debug|Any CPU
		{11D06F46-2842-4836-AB4F-3A811D9503FC}.Release|Any CPU.ActiveCfg = Release|Any CPU
		{11D06F46-2842-4836-AB4F-3A811D9503FC}.Release|Any CPU.Build.0 = Release|Any CPU
		{11D06F46-2842-4836-AB4F-3A811D9503FC}.Test|Any CPU.ActiveCfg = Test|Any CPU
		{11D06F46-2842-4836-AB4F-3A811D9503FC}.Test|Any CPU.Build.0 = Test|Any CPU
		{C553A0A1-9D0A-4FF3-8D7B-4C1377B7FD71}.Debug|Any CPU.ActiveCfg = Debug|Any CPU
		{C553A0A1-9D0A-4FF3-8D7B-4C1377B7FD71}.Debug|Any CPU.Build.0 = Debug|Any CPU
		{C553A0A1-9D0A-4FF3-8D7B-4C1377B7FD71}.Release|Any CPU.ActiveCfg = Release|Any CPU
		{C553A0A1-9D0A-4FF3-8D7B-4C1377B7FD71}.Release|Any CPU.Build.0 = Release|Any CPU
		{C553A0A1-9D0A-4FF3-8D7B-4C1377B7FD71}.Test|Any CPU.ActiveCfg = Test|Any CPU
		{C553A0A1-9D0A-4FF3-8D7B-4C1377B7FD71}.Test|Any CPU.Build.0 = Test|Any CPU
		{50315D84-725C-4CE8-BEAD-AAA0ED3EEE05}.Debug|Any CPU.ActiveCfg = Debug|Any CPU
		{50315D84-725C-4CE8-BEAD-AAA0ED3EEE05}.Debug|Any CPU.Build.0 = Debug|Any CPU
		{50315D84-725C-4CE8-BEAD-AAA0ED3EEE05}.Release|Any CPU.ActiveCfg = Release|Any CPU
		{50315D84-725C-4CE8-BEAD-AAA0ED3EEE05}.Release|Any CPU.Build.0 = Release|Any CPU
		{50315D84-725C-4CE8-BEAD-AAA0ED3EEE05}.Test|Any CPU.ActiveCfg = Test|Any CPU
		{50315D84-725C-4CE8-BEAD-AAA0ED3EEE05}.Test|Any CPU.Build.0 = Test|Any CPU
		{64D4B78C-B57E-4ECF-8549-037C8090E3F0}.Debug|Any CPU.ActiveCfg = Debug|Any CPU
		{64D4B78C-B57E-4ECF-8549-037C8090E3F0}.Debug|Any CPU.Build.0 = Debug|Any CPU
		{64D4B78C-B57E-4ECF-8549-037C8090E3F0}.Release|Any CPU.ActiveCfg = Release|Any CPU
		{64D4B78C-B57E-4ECF-8549-037C8090E3F0}.Release|Any CPU.Build.0 = Release|Any CPU
		{64D4B78C-B57E-4ECF-8549-037C8090E3F0}.Test|Any CPU.ActiveCfg = Test|Any CPU
		{64D4B78C-B57E-4ECF-8549-037C8090E3F0}.Test|Any CPU.Build.0 = Test|Any CPU
		{2CF2F9C6-CF6D-4D1B-ADF8-033B73ED5157}.Debug|Any CPU.ActiveCfg = Debug|Any CPU
		{2CF2F9C6-CF6D-4D1B-ADF8-033B73ED5157}.Debug|Any CPU.Build.0 = Debug|Any CPU
		{2CF2F9C6-CF6D-4D1B-ADF8-033B73ED5157}.Release|Any CPU.ActiveCfg = Release|Any CPU
		{2CF2F9C6-CF6D-4D1B-ADF8-033B73ED5157}.Release|Any CPU.Build.0 = Release|Any CPU
		{2CF2F9C6-CF6D-4D1B-ADF8-033B73ED5157}.Test|Any CPU.ActiveCfg = Debug|Any CPU
		{2CF2F9C6-CF6D-4D1B-ADF8-033B73ED5157}.Test|Any CPU.Build.0 = Debug|Any CPU
		{74186120-016D-4B1D-850E-F7386560D30F}.Debug|Any CPU.ActiveCfg = Debug|Any CPU
		{74186120-016D-4B1D-850E-F7386560D30F}.Debug|Any CPU.Build.0 = Debug|Any CPU
		{74186120-016D-4B1D-850E-F7386560D30F}.Release|Any CPU.ActiveCfg = Release|Any CPU
		{74186120-016D-4B1D-850E-F7386560D30F}.Release|Any CPU.Build.0 = Release|Any CPU
		{74186120-016D-4B1D-850E-F7386560D30F}.Test|Any CPU.ActiveCfg = Test|Any CPU
		{74186120-016D-4B1D-850E-F7386560D30F}.Test|Any CPU.Build.0 = Test|Any CPU
		{B7BAD91D-8B3D-4CFD-8E12-27DCFD20B22A}.Debug|Any CPU.ActiveCfg = Debug|Any CPU
		{B7BAD91D-8B3D-4CFD-8E12-27DCFD20B22A}.Debug|Any CPU.Build.0 = Debug|Any CPU
		{B7BAD91D-8B3D-4CFD-8E12-27DCFD20B22A}.Release|Any CPU.ActiveCfg = Release|Any CPU
		{B7BAD91D-8B3D-4CFD-8E12-27DCFD20B22A}.Release|Any CPU.Build.0 = Release|Any CPU
		{B7BAD91D-8B3D-4CFD-8E12-27DCFD20B22A}.Test|Any CPU.ActiveCfg = Test|Any CPU
		{B7BAD91D-8B3D-4CFD-8E12-27DCFD20B22A}.Test|Any CPU.Build.0 = Test|Any CPU
		{8AA84F20-DB0A-433A-B8C8-E4169AA12EAF}.Debug|Any CPU.ActiveCfg = Debug|Any CPU
		{8AA84F20-DB0A-433A-B8C8-E4169AA12EAF}.Debug|Any CPU.Build.0 = Debug|Any CPU
		{8AA84F20-DB0A-433A-B8C8-E4169AA12EAF}.Release|Any CPU.ActiveCfg = Release|Any CPU
		{8AA84F20-DB0A-433A-B8C8-E4169AA12EAF}.Release|Any CPU.Build.0 = Release|Any CPU
		{8AA84F20-DB0A-433A-B8C8-E4169AA12EAF}.Test|Any CPU.ActiveCfg = Test|Any CPU
		{8AA84F20-DB0A-433A-B8C8-E4169AA12EAF}.Test|Any CPU.Build.0 = Test|Any CPU
		{C1CEB096-109B-42F7-8A88-01CC36E45687}.Debug|Any CPU.ActiveCfg = Debug|Any CPU
		{C1CEB096-109B-42F7-8A88-01CC36E45687}.Debug|Any CPU.Build.0 = Debug|Any CPU
		{C1CEB096-109B-42F7-8A88-01CC36E45687}.Release|Any CPU.ActiveCfg = Release|Any CPU
		{C1CEB096-109B-42F7-8A88-01CC36E45687}.Release|Any CPU.Build.0 = Release|Any CPU
		{C1CEB096-109B-42F7-8A88-01CC36E45687}.Test|Any CPU.ActiveCfg = Test|Any CPU
		{C1CEB096-109B-42F7-8A88-01CC36E45687}.Test|Any CPU.Build.0 = Test|Any CPU
		{ACC2E634-EF8B-45A6-8CC9-CE291CD2F4D2}.Debug|Any CPU.ActiveCfg = Debug|Any CPU
		{ACC2E634-EF8B-45A6-8CC9-CE291CD2F4D2}.Debug|Any CPU.Build.0 = Debug|Any CPU
		{ACC2E634-EF8B-45A6-8CC9-CE291CD2F4D2}.Release|Any CPU.ActiveCfg = Release|Any CPU
		{ACC2E634-EF8B-45A6-8CC9-CE291CD2F4D2}.Release|Any CPU.Build.0 = Release|Any CPU
		{ACC2E634-EF8B-45A6-8CC9-CE291CD2F4D2}.Test|Any CPU.ActiveCfg = Test|Any CPU
		{ACC2E634-EF8B-45A6-8CC9-CE291CD2F4D2}.Test|Any CPU.Build.0 = Test|Any CPU
		{CB7DC25F-2D42-47EB-A182-363CADCEF551}.Debug|Any CPU.ActiveCfg = Debug|Any CPU
		{CB7DC25F-2D42-47EB-A182-363CADCEF551}.Debug|Any CPU.Build.0 = Debug|Any CPU
		{CB7DC25F-2D42-47EB-A182-363CADCEF551}.Release|Any CPU.ActiveCfg = Release|Any CPU
		{CB7DC25F-2D42-47EB-A182-363CADCEF551}.Release|Any CPU.Build.0 = Release|Any CPU
		{CB7DC25F-2D42-47EB-A182-363CADCEF551}.Test|Any CPU.ActiveCfg = Debug|Any CPU
		{CB7DC25F-2D42-47EB-A182-363CADCEF551}.Test|Any CPU.Build.0 = Debug|Any CPU
		{05D49AF8-BDBD-484F-898E-290B8D7CCA87}.Debug|Any CPU.ActiveCfg = Debug|Any CPU
		{05D49AF8-BDBD-484F-898E-290B8D7CCA87}.Debug|Any CPU.Build.0 = Debug|Any CPU
		{05D49AF8-BDBD-484F-898E-290B8D7CCA87}.Release|Any CPU.ActiveCfg = Release|Any CPU
		{05D49AF8-BDBD-484F-898E-290B8D7CCA87}.Release|Any CPU.Build.0 = Release|Any CPU
		{05D49AF8-BDBD-484F-898E-290B8D7CCA87}.Test|Any CPU.ActiveCfg = Debug|Any CPU
		{05D49AF8-BDBD-484F-898E-290B8D7CCA87}.Test|Any CPU.Build.0 = Debug|Any CPU
		{192C83B7-C204-4F1D-8403-8C8A5D168675}.Debug|Any CPU.ActiveCfg = Debug|Any CPU
		{192C83B7-C204-4F1D-8403-8C8A5D168675}.Debug|Any CPU.Build.0 = Debug|Any CPU
		{192C83B7-C204-4F1D-8403-8C8A5D168675}.Release|Any CPU.ActiveCfg = Release|Any CPU
		{192C83B7-C204-4F1D-8403-8C8A5D168675}.Release|Any CPU.Build.0 = Release|Any CPU
		{192C83B7-C204-4F1D-8403-8C8A5D168675}.Test|Any CPU.ActiveCfg = Test|Any CPU
		{192C83B7-C204-4F1D-8403-8C8A5D168675}.Test|Any CPU.Build.0 = Test|Any CPU
		{3F2B438C-764D-44A4-B272-DE006DE6D50D}.Debug|Any CPU.ActiveCfg = Debug|Any CPU
		{3F2B438C-764D-44A4-B272-DE006DE6D50D}.Debug|Any CPU.Build.0 = Debug|Any CPU
		{3F2B438C-764D-44A4-B272-DE006DE6D50D}.Release|Any CPU.ActiveCfg = Release|Any CPU
		{3F2B438C-764D-44A4-B272-DE006DE6D50D}.Release|Any CPU.Build.0 = Release|Any CPU
		{3F2B438C-764D-44A4-B272-DE006DE6D50D}.Test|Any CPU.ActiveCfg = Test|Any CPU
		{3F2B438C-764D-44A4-B272-DE006DE6D50D}.Test|Any CPU.Build.0 = Test|Any CPU
		{AE71C358-F308-4075-B5A5-E5578FB96A27}.Debug|Any CPU.ActiveCfg = Debug|Any CPU
		{AE71C358-F308-4075-B5A5-E5578FB96A27}.Debug|Any CPU.Build.0 = Debug|Any CPU
		{AE71C358-F308-4075-B5A5-E5578FB96A27}.Release|Any CPU.ActiveCfg = Release|Any CPU
		{AE71C358-F308-4075-B5A5-E5578FB96A27}.Release|Any CPU.Build.0 = Release|Any CPU
		{AE71C358-F308-4075-B5A5-E5578FB96A27}.Test|Any CPU.ActiveCfg = Test|Any CPU
		{AE71C358-F308-4075-B5A5-E5578FB96A27}.Test|Any CPU.Build.0 = Test|Any CPU
		{520D4684-97AB-4221-8A57-4992D06B3E92}.Debug|Any CPU.ActiveCfg = Debug|Any CPU
		{520D4684-97AB-4221-8A57-4992D06B3E92}.Debug|Any CPU.Build.0 = Debug|Any CPU
		{520D4684-97AB-4221-8A57-4992D06B3E92}.Release|Any CPU.ActiveCfg = Release|Any CPU
		{520D4684-97AB-4221-8A57-4992D06B3E92}.Release|Any CPU.Build.0 = Release|Any CPU
		{520D4684-97AB-4221-8A57-4992D06B3E92}.Test|Any CPU.ActiveCfg = Test|Any CPU
		{520D4684-97AB-4221-8A57-4992D06B3E92}.Test|Any CPU.Build.0 = Test|Any CPU
		{F5C43F10-94F4-4F95-9145-D03EB58C2F26}.Debug|Any CPU.ActiveCfg = Debug|Any CPU
		{F5C43F10-94F4-4F95-9145-D03EB58C2F26}.Debug|Any CPU.Build.0 = Debug|Any CPU
		{F5C43F10-94F4-4F95-9145-D03EB58C2F26}.Release|Any CPU.ActiveCfg = Release|Any CPU
		{F5C43F10-94F4-4F95-9145-D03EB58C2F26}.Release|Any CPU.Build.0 = Release|Any CPU
		{F5C43F10-94F4-4F95-9145-D03EB58C2F26}.Test|Any CPU.ActiveCfg = Test|Any CPU
		{F5C43F10-94F4-4F95-9145-D03EB58C2F26}.Test|Any CPU.Build.0 = Test|Any CPU
		{81DDED9D-158B-E303-5F62-77A2896D2A5A}.Debug|Any CPU.ActiveCfg = Debug|Any CPU
		{81DDED9D-158B-E303-5F62-77A2896D2A5A}.Debug|Any CPU.Build.0 = Debug|Any CPU
		{81DDED9D-158B-E303-5F62-77A2896D2A5A}.Release|Any CPU.ActiveCfg = Release|Any CPU
		{81DDED9D-158B-E303-5F62-77A2896D2A5A}.Release|Any CPU.Build.0 = Release|Any CPU
		{81DDED9D-158B-E303-5F62-77A2896D2A5A}.Test|Any CPU.ActiveCfg = Release|Any CPU
		{81DDED9D-158B-E303-5F62-77A2896D2A5A}.Test|Any CPU.Build.0 = Release|Any CPU
		{24925453-1E4A-43DC-96CF-6C8D53647DF8}.Debug|Any CPU.ActiveCfg = Debug|Any CPU
		{24925453-1E4A-43DC-96CF-6C8D53647DF8}.Debug|Any CPU.Build.0 = Debug|Any CPU
		{24925453-1E4A-43DC-96CF-6C8D53647DF8}.Release|Any CPU.ActiveCfg = Release|Any CPU
		{24925453-1E4A-43DC-96CF-6C8D53647DF8}.Release|Any CPU.Build.0 = Release|Any CPU
		{24925453-1E4A-43DC-96CF-6C8D53647DF8}.Test|Any CPU.ActiveCfg = Debug|Any CPU
		{24925453-1E4A-43DC-96CF-6C8D53647DF8}.Test|Any CPU.Build.0 = Debug|Any CPU
		{6C551D0F-E4AB-4089-AEFF-0C5B8CB4A260}.Debug|Any CPU.ActiveCfg = Debug|Any CPU
		{6C551D0F-E4AB-4089-AEFF-0C5B8CB4A260}.Debug|Any CPU.Build.0 = Debug|Any CPU
		{6C551D0F-E4AB-4089-AEFF-0C5B8CB4A260}.Release|Any CPU.ActiveCfg = Release|Any CPU
		{6C551D0F-E4AB-4089-AEFF-0C5B8CB4A260}.Release|Any CPU.Build.0 = Release|Any CPU
		{6C551D0F-E4AB-4089-AEFF-0C5B8CB4A260}.Test|Any CPU.ActiveCfg = Debug|Any CPU
		{6C551D0F-E4AB-4089-AEFF-0C5B8CB4A260}.Test|Any CPU.Build.0 = Debug|Any CPU
		{0ED5AAB2-BA04-42AB-9DA7-6F7BD5B64A49}.Debug|Any CPU.ActiveCfg = Debug|Any CPU
		{0ED5AAB2-BA04-42AB-9DA7-6F7BD5B64A49}.Debug|Any CPU.Build.0 = Debug|Any CPU
		{0ED5AAB2-BA04-42AB-9DA7-6F7BD5B64A49}.Release|Any CPU.ActiveCfg = Release|Any CPU
		{0ED5AAB2-BA04-42AB-9DA7-6F7BD5B64A49}.Release|Any CPU.Build.0 = Release|Any CPU
		{0ED5AAB2-BA04-42AB-9DA7-6F7BD5B64A49}.Test|Any CPU.ActiveCfg = Debug|Any CPU
		{0ED5AAB2-BA04-42AB-9DA7-6F7BD5B64A49}.Test|Any CPU.Build.0 = Debug|Any CPU
	EndGlobalSection
	GlobalSection(SolutionProperties) = preSolution
		HideSolutionNode = FALSE
	EndGlobalSection
	GlobalSection(NestedProjects) = preSolution
		{29B97AC4-0AEF-4EF0-9DE2-03C5765036EB} = {267FC568-44F6-4E94-B573-229562B514A1}
		{D8DEE4FF-80F5-441B-8EF1-96A70FDF2E65} = {19519460-1A27-4843-88E7-D8465FC5625F}
		{E7C7068A-BAB7-4DA3-855E-7DFC9E25F2F0} = {D8DEE4FF-80F5-441B-8EF1-96A70FDF2E65}
		{F6C2998A-38D4-482E-9FC0-94756B0E7E15} = {19519460-1A27-4843-88E7-D8465FC5625F}
		{7A1AD8EB-8614-495E-A4AC-C7AA098A5AA3} = {19519460-1A27-4843-88E7-D8465FC5625F}
		{751981B8-DD10-44C8-A480-000335205E48} = {19519460-1A27-4843-88E7-D8465FC5625F}
		{993D2BF1-1A90-408F-AE13-11861F35E3AC} = {19519460-1A27-4843-88E7-D8465FC5625F}
		{EADAE8FC-1654-40CB-84B8-D633D36E79EC} = {19519460-1A27-4843-88E7-D8465FC5625F}
		{FD463319-4E66-412F-A9DF-159755415D4B} = {2FE7343B-5954-441A-A9D6-03EBD27F5364}
		{11D06F46-2842-4836-AB4F-3A811D9503FC} = {2FE7343B-5954-441A-A9D6-03EBD27F5364}
		{C553A0A1-9D0A-4FF3-8D7B-4C1377B7FD71} = {2FE7343B-5954-441A-A9D6-03EBD27F5364}
		{50315D84-725C-4CE8-BEAD-AAA0ED3EEE05} = {2FE7343B-5954-441A-A9D6-03EBD27F5364}
		{64D4B78C-B57E-4ECF-8549-037C8090E3F0} = {2FE7343B-5954-441A-A9D6-03EBD27F5364}
		{961E001B-04FC-43C5-9A26-847C5E969610} = {2FE7343B-5954-441A-A9D6-03EBD27F5364}
		{2CF2F9C6-CF6D-4D1B-ADF8-033B73ED5157} = {961E001B-04FC-43C5-9A26-847C5E969610}
		{74186120-016D-4B1D-850E-F7386560D30F} = {CFDF1F9A-5BCF-4118-ACB9-210C98C4E8C8}
		{B7BAD91D-8B3D-4CFD-8E12-27DCFD20B22A} = {CFDF1F9A-5BCF-4118-ACB9-210C98C4E8C8}
		{8AA84F20-DB0A-433A-B8C8-E4169AA12EAF} = {CFDF1F9A-5BCF-4118-ACB9-210C98C4E8C8}
		{C1CEB096-109B-42F7-8A88-01CC36E45687} = {CFDF1F9A-5BCF-4118-ACB9-210C98C4E8C8}
		{ACC2E634-EF8B-45A6-8CC9-CE291CD2F4D2} = {CFDF1F9A-5BCF-4118-ACB9-210C98C4E8C8}
		{CB7DC25F-2D42-47EB-A182-363CADCEF551} = {D019C818-86DD-4A2A-A2D4-EE907DBB66A2}
		{D019C818-86DD-4A2A-A2D4-EE907DBB66A2} = {CFDF1F9A-5BCF-4118-ACB9-210C98C4E8C8}
		{7747B997-C64C-48CE-8CA9-645AD706D63C} = {2EA9607F-4BD0-4AB7-B67E-256EEF33C140}
		{05D49AF8-BDBD-484F-898E-290B8D7CCA87} = {7747B997-C64C-48CE-8CA9-645AD706D63C}
		{192C83B7-C204-4F1D-8403-8C8A5D168675} = {2EA9607F-4BD0-4AB7-B67E-256EEF33C140}
		{3F2B438C-764D-44A4-B272-DE006DE6D50D} = {2EA9607F-4BD0-4AB7-B67E-256EEF33C140}
		{AE71C358-F308-4075-B5A5-E5578FB96A27} = {2EA9607F-4BD0-4AB7-B67E-256EEF33C140}
		{520D4684-97AB-4221-8A57-4992D06B3E92} = {2EA9607F-4BD0-4AB7-B67E-256EEF33C140}
		{F5C43F10-94F4-4F95-9145-D03EB58C2F26} = {2EA9607F-4BD0-4AB7-B67E-256EEF33C140}
		{24925453-1E4A-43DC-96CF-6C8D53647DF8} = {02EA681E-C7D8-13C7-8484-4AC65E1B71E8}
		{3DB8EB56-ED60-4EF0-B738-6F7C347BE704} = {02EA681E-C7D8-13C7-8484-4AC65E1B71E8}
		{6C551D0F-E4AB-4089-AEFF-0C5B8CB4A260} = {3DB8EB56-ED60-4EF0-B738-6F7C347BE704}
		{0ED5AAB2-BA04-42AB-9DA7-6F7BD5B64A49} = {D8DEE4FF-80F5-441B-8EF1-96A70FDF2E65}
	EndGlobalSection
	GlobalSection(ExtensibilityGlobals) = postSolution
		SolutionGuid = {0AA15E31-20F6-478E-99A8-376A97C37D91}
	EndGlobalSection
EndGlobal
