
Microsoft Visual Studio Solution File, Format Version 12.00
# Visual Studio Version 17
VisualStudioVersion = 17.12.35527.113
MinimumVisualStudioVersion = 10.0.40219.1
Project("{FAE04EC0-301F-11D3-BF4B-00C04F79EFBC}") = "User.API", "User.API\User.API.csproj", "{7257E6B2-0D51-4111-9A34-89E9437A9A1E}"
EndProject
Project("{FAE04EC0-301F-11D3-BF4B-00C04F79EFBC}") = "ApiGateway", "ApiGateway\ApiGateway.csproj", "{29B97AC4-0AEF-4EF0-9DE2-03C5765036EB}"
EndProject
Project("{2150E333-8FDC-42A3-9474-1A3956D46DE8}") = "UserApi", "UserApi", "{19519460-1A27-4843-88E7-D8465FC5625F}"
EndProject
Project("{2150E333-8FDC-42A3-9474-1A3956D46DE8}") = "Gateway", "Gateway", "{267FC568-44F6-4E94-B573-229562B514A1}"
EndProject
Project("{FAE04EC0-301F-11D3-BF4B-00C04F79EFBC}") = "User.Api.Domain", "User.Api.Domain\User.Api.Domain.csproj", "{CC74F924-D5C0-4800-994A-E63F8BDFFEBA}"
EndProject
Project("{FAE04EC0-301F-11D3-BF4B-00C04F79EFBC}") = "User.Api.Features", "User.Api.Entities\User.Api.Features.csproj", "{B42B1340-7527-42D3-8A35-936AA3304999}"
EndProject
Project("{FAE04EC0-301F-11D3-BF4B-00C04F79EFBC}") = "User.Api.Infrastructure", "User.Api.Infrastructure\User.Api.Infrastructure.csproj", "{08266EA8-3B18-49B2-AED8-BC15494A8293}"
EndProject
Project("{FAE04EC0-301F-11D3-BF4B-00C04F79EFBC}") = "User.Api.Common", "User.Api.Common\User.Api.Common.csproj", "{834F3F98-A87B-45B4-92B4-422E1C49A554}"
EndProject
Global
	GlobalSection(SolutionConfigurationPlatforms) = preSolution
		Debug|Any CPU = Debug|Any CPU
		Release|Any CPU = Release|Any CPU
	EndGlobalSection
	GlobalSection(ProjectConfigurationPlatforms) = postSolution
		{7257E6B2-0D51-4111-9A34-89E9437A9A1E}.Debug|Any CPU.ActiveCfg = Debug|Any CPU
		{7257E6B2-0D51-4111-9A34-89E9437A9A1E}.Debug|Any CPU.Build.0 = Debug|Any CPU
		{7257E6B2-0D51-4111-9A34-89E9437A9A1E}.Release|Any CPU.ActiveCfg = Release|Any CPU
		{7257E6B2-0D51-4111-9A34-89E9437A9A1E}.Release|Any CPU.Build.0 = Release|Any CPU
		{29B97AC4-0AEF-4EF0-9DE2-03C5765036EB}.Debug|Any CPU.ActiveCfg = Debug|Any CPU
		{29B97AC4-0AEF-4EF0-9DE2-03C5765036EB}.Debug|Any CPU.Build.0 = Debug|Any CPU
		{29B97AC4-0AEF-4EF0-9DE2-03C5765036EB}.Release|Any CPU.ActiveCfg = Release|Any CPU
		{29B97AC4-0AEF-4EF0-9DE2-03C5765036EB}.Release|Any CPU.Build.0 = Release|Any CPU
		{CC74F924-D5C0-4800-994A-E63F8BDFFEBA}.Debug|Any CPU.ActiveCfg = Debug|Any CPU
		{CC74F924-D5C0-4800-994A-E63F8BDFFEBA}.Debug|Any CPU.Build.0 = Debug|Any CPU
		{CC74F924-D5C0-4800-994A-E63F8BDFFEBA}.Release|Any CPU.ActiveCfg = Release|Any CPU
		{CC74F924-D5C0-4800-994A-E63F8BDFFEBA}.Release|Any CPU.Build.0 = Release|Any CPU
		{B42B1340-7527-42D3-8A35-936AA3304999}.Debug|Any CPU.ActiveCfg = Debug|Any CPU
		{B42B1340-7527-42D3-8A35-936AA3304999}.Debug|Any CPU.Build.0 = Debug|Any CPU
		{B42B1340-7527-42D3-8A35-936AA3304999}.Release|Any CPU.ActiveCfg = Release|Any CPU
		{B42B1340-7527-42D3-8A35-936AA3304999}.Release|Any CPU.Build.0 = Release|Any CPU
		{08266EA8-3B18-49B2-AED8-BC15494A8293}.Debug|Any CPU.ActiveCfg = Debug|Any CPU
		{08266EA8-3B18-49B2-AED8-BC15494A8293}.Debug|Any CPU.Build.0 = Debug|Any CPU
		{08266EA8-3B18-49B2-AED8-BC15494A8293}.Release|Any CPU.ActiveCfg = Release|Any CPU
		{08266EA8-3B18-49B2-AED8-BC15494A8293}.Release|Any CPU.Build.0 = Release|Any CPU
		{834F3F98-A87B-45B4-92B4-422E1C49A554}.Debug|Any CPU.ActiveCfg = Debug|Any CPU
		{834F3F98-A87B-45B4-92B4-422E1C49A554}.Debug|Any CPU.Build.0 = Debug|Any CPU
		{834F3F98-A87B-45B4-92B4-422E1C49A554}.Release|Any CPU.ActiveCfg = Release|Any CPU
		{834F3F98-A87B-45B4-92B4-422E1C49A554}.Release|Any CPU.Build.0 = Release|Any CPU
	EndGlobalSection
	GlobalSection(SolutionProperties) = preSolution
		HideSolutionNode = FALSE
	EndGlobalSection
	GlobalSection(NestedProjects) = preSolution
		{7257E6B2-0D51-4111-9A34-89E9437A9A1E} = {19519460-1A27-4843-88E7-D8465FC5625F}
		{29B97AC4-0AEF-4EF0-9DE2-03C5765036EB} = {267FC568-44F6-4E94-B573-229562B514A1}
		{CC74F924-D5C0-4800-994A-E63F8BDFFEBA} = {19519460-1A27-4843-88E7-D8465FC5625F}
		{B42B1340-7527-42D3-8A35-936AA3304999} = {19519460-1A27-4843-88E7-D8465FC5625F}
		{08266EA8-3B18-49B2-AED8-BC15494A8293} = {19519460-1A27-4843-88E7-D8465FC5625F}
		{834F3F98-A87B-45B4-92B4-422E1C49A554} = {19519460-1A27-4843-88E7-D8465FC5625F}
	EndGlobalSection
EndGlobal
